{
  "version": 4,
  "terraform_version": "1.10.1",
  "serial": 4,
  "lineage": "1e37ce23-fad3-f3da-decc-662a0217aa49",
  "outputs": {},
  "resources": [
    {
      "mode": "managed",
      "type": "google_iam_workload_identity_pool",
      "name": "this",
      "provider": "provider[\"registry.terraform.io/hashicorp/google\"]",
      "instances": [
        {
          "schema_version": 0,
          "attributes": {
            "description": "Used for external test \u0026 release automation providers",
            "disabled": false,
            "display_name": "CI access-control",
            "id": "projects/carbide-atlas-327122/locations/global/workloadIdentityPools/ci-automation",
            "name": "projects/678963427581/locations/global/workloadIdentityPools/ci-automation",
            "project": "carbide-atlas-327122",
            "state": "ACTIVE",
            "timeouts": null,
            "workload_identity_pool_id": "ci-automation"
          },
          "sensitive_attributes": [],
          "private": "eyJlMmJmYjczMC1lY2FhLTExZTYtOGY4OC0zNDM2M2JjN2M0YzAiOnsiY3JlYXRlIjoxMjAwMDAwMDAwMDAwLCJkZWxldGUiOjEyMDAwMDAwMDAwMDAsInVwZGF0ZSI6MTIwMDAwMDAwMDAwMH0sInNjaGVtYV92ZXJzaW9uIjoiMCJ9"
        }
      ]
    },
    {
      "mode": "managed",
      "type": "google_iam_workload_identity_pool_provider",
      "name": "this",
      "provider": "provider[\"registry.terraform.io/hashicorp/google\"]",
      "instances": [
        {
          "schema_version": 0,
          "attributes": {
            "attribute_condition": "    assertion.repository_owner_id == \"896592\" \u0026\u0026\n    attribute.repository == \"Helcaraxan/toolshare\"\n",
            "attribute_mapping": {
              "attribute.actor": "assertion.actor",
              "attribute.aud": "assertion.aud",
              "attribute.repository": "assertion.repository",
              "google.subject": "assertion.sub"
            },
            "aws": [],
            "description": "WIP provider used for GitHub Action authentication",
            "disabled": false,
            "display_name": "GitHub",
            "id": "projects/carbide-atlas-327122/locations/global/workloadIdentityPools/ci-automation/providers/github",
            "name": "projects/678963427581/locations/global/workloadIdentityPools/ci-automation/providers/github",
            "oidc": [
              {
                "allowed_audiences": [],
                "issuer_uri": "https://token.actions.githubusercontent.com",
                "jwks_json": ""
              }
            ],
            "project": "carbide-atlas-327122",
            "saml": [],
            "state": "ACTIVE",
            "timeouts": null,
            "workload_identity_pool_id": "ci-automation",
            "workload_identity_pool_provider_id": "github",
            "x509": []
          },
          "sensitive_attributes": [],
          "private": "eyJlMmJmYjczMC1lY2FhLTExZTYtOGY4OC0zNDM2M2JjN2M0YzAiOnsiY3JlYXRlIjoxMjAwMDAwMDAwMDAwLCJkZWxldGUiOjEyMDAwMDAwMDAwMDAsInVwZGF0ZSI6MTIwMDAwMDAwMDAwMH0sInNjaGVtYV92ZXJzaW9uIjoiMCJ9",
          "dependencies": [
            "google_iam_workload_identity_pool.this"
          ]
        }
      ]
    },
    {
      "mode": "managed",
      "type": "google_storage_bucket",
      "name": "this",
      "provider": "provider[\"registry.terraform.io/hashicorp/google\"]",
      "instances": [
        {
          "schema_version": 3,
          "attributes": {
            "autoclass": [],
            "cors": [],
            "custom_placement_config": [],
            "default_event_based_hold": false,
            "effective_labels": {
              "goog-terraform-provisioned": "true"
            },
            "enable_object_retention": false,
            "encryption": [],
            "force_destroy": false,
            "hierarchical_namespace": [
              {
                "enabled": false
              }
            ],
            "id": "toolshare-ci",
            "labels": null,
            "lifecycle_rule": [],
            "location": "US-EAST1",
            "logging": [],
            "name": "toolshare-ci",
            "project": "carbide-atlas-327122",
            "project_number": 678963427581,
            "public_access_prevention": "inherited",
            "requester_pays": false,
            "retention_policy": [],
            "rpo": null,
            "self_link": "https://www.googleapis.com/storage/v1/b/toolshare-ci",
            "soft_delete_policy": [
              {
                "effective_time": "2024-12-15T17:27:53.231Z",
                "retention_duration_seconds": 604800
              }
            ],
            "storage_class": "STANDARD",
            "terraform_labels": {
              "goog-terraform-provisioned": "true"
            },
            "timeouts": null,
            "uniform_bucket_level_access": false,
            "url": "gs://toolshare-ci",
            "versioning": [],
            "website": []
          },
          "sensitive_attributes": [
            [
              {
                "type": "get_attr",
                "value": "name"
              }
            ]
          ],
          "private": "eyJlMmJmYjczMC1lY2FhLTExZTYtOGY4OC0zNDM2M2JjN2M0YzAiOnsiY3JlYXRlIjo2MDAwMDAwMDAwMDAsInJlYWQiOjI0MDAwMDAwMDAwMCwidXBkYXRlIjoyNDAwMDAwMDAwMDB9LCJzY2hlbWFfdmVyc2lvbiI6IjMifQ=="
        }
      ]
    }
  ],
  "check_results": null
}
